{
    "_meta": {
        "hash": {
            "sha256": "20e7831edb99deda749a222169122bc40aa564f3ff53b28cf5dfd218007ffe67"
        },
        "pipfile-spec": 6,
        "requires": {
            "python_version": "3.13"
        },
        "sources": [
            {
                "name": "pypi",
                "url": "https://pypi.org/simple",
                "verify_ssl": true
            }
        ]
    },
    "default": {},
    "develop": {
        "coverage": {
            "extras": [
                "toml"
            ],
            "hashes": [
                "sha256:0403f647055de2609be776965108447deb8e384fe4a553c119e3ff6bfbab4784",
                "sha256:0642eae483cc8c2902e4af7298bf886d605e80f26382124cddc3967c2a3df09e",
                "sha256:0b609fc9cdbd1f02e51f67f51e5aee60a841ef58a68d00d5ee2c0faf357481a3",
                "sha256:0d2c11f3ea4db66b5cbded23b20185c35066892c67d80ec4be4bab257b9ad1e0",
                "sha256:0e42e0ec0cd3e0d851cb3c91f770c9301f48647cb2877cb78f74bdaa07639a79",
                "sha256:132718176cc723026d201e347f800cd1a9e4b62ccd3f82476950834dad501c75",
                "sha256:16cc1da46c04fb0fb128b4dc430b78fa2aba8a6c0c9f8eb391fd5103409a6ac6",
                "sha256:18be793c4c87de2965e1c0f060f03d9e5aff66cfeae8e1dbe6e5b88056ec153f",
                "sha256:1a55d509a1dc5a5b708b5dad3b5334e07a16ad4c2185e27b40e4dba796ab7f88",
                "sha256:1dcb645d7e34dcbcc96cd7c132b1fc55c39263ca62eb961c064eb3928997363b",
                "sha256:2016745cb3ba554469d02819d78958b571792bb68e31302610e898f80dd3a573",
                "sha256:228b90f613b25ba0019361e4ab81520b343b622fc657daf7e501c4ed6a2366c0",
                "sha256:309ef5706e95e62578cda256b97f5e097916a2c26247c287bbe74794e7150df2",
                "sha256:339dc63b3eba969067b00f41f15ad161bf2946613156fb131266d8debc8e44d0",
                "sha256:3820778ea1387c2b6a818caec01c63adc5b3750211af6447e8dcfb9b6f08dbba",
                "sha256:3d42df8201e00384736f0df9be2ced39324c3907607d17d50d50116c989d84cd",
                "sha256:3e7b8bd70c48ffb28461ebe092c2345536fb18bbbf19d287c8913699735f505c",
                "sha256:3f2f725aa3e909b3c5fdb8192490bdd8e1495e85906af74fe6e34a2a77ba0673",
                "sha256:3fc6a169517ca0d7ca6846c3c5392ef2b9e38896f61d615cb75b9e7134d4ee1e",
                "sha256:45980ea19277dc0a579e432aef6a504fe098ef3a9032ead15e446eb0f1191aee",
                "sha256:4d010d080c4888371033baab27e47c9df7d6fb28d0b7b7adf85a4a49be9298b3",
                "sha256:4de84e71173d4dada2897e5a0e1b7877e5eefbfe0d6a44edee6ce31d9b8ec09e",
                "sha256:549d195116a1ba1e1ae2f5ca143f9777800f6636eab917d4f02b5310d6d73461",
                "sha256:562ec27dfa3f311e0db1ba243ec6e5f6ab96b1edfcfc6cf86f28038bc4961ce6",
                "sha256:57dfc8048c72ba48a8c45e188d811e5efd7e49b387effc8fb17e97936dde5bf6",
                "sha256:5899d28b5276f536fcf840b18b61a9fce23cc3aec1d114c44c07fe94ebeaa500",
                "sha256:60cfb538fe9ef86e5b2ab0ca8fc8d62524777f6c611dcaf76dc16fbe9b8e698a",
                "sha256:623dcc6d7a7ba450bbdbeedbaa0c42b329bdae16491af2282f12a7e809be7eb9",
                "sha256:67170979de0dacac3f3097d02b0ad188d8edcea44ccc44aaa0550af49150c7dc",
                "sha256:6e73ebb44dca5f708dc871fe0b90cf4cff1a13f9956f747cc87b535a840386f5",
                "sha256:6f34591000f06e62085b1865c9bc5f7858df748834662a51edadfd2c3bfe0dd3",
                "sha256:724b1b270cb13ea2e6503476e34541a0b1f62280bc997eab443f87790202033d",
                "sha256:75a6f4aa904301dab8022397a22c0039edc1f51e90b83dbd4464b8a38dc87842",
                "sha256:77545b5dcda13b70f872c3b5974ac64c21d05e65b1590b441c8560115dc3a0d1",
                "sha256:776483fd35b58d8afe3acbd9988d5de592ab6da2d2a865edfdbc9fdb43e7c486",
                "sha256:77cc258aeb29a3417062758975521eae60af6f79e930d6993555eeac6a8eac29",
                "sha256:794f7c05af0763b1bbd1b9e6eff0e52ad068be3b12cd96c87de037b01390c968",
                "sha256:868a2fae76dfb06e87291bcbd4dcbcc778a8500510b618d50496e520bd94d9b9",
                "sha256:8842af7f175078456b8b17f1b73a0d16a65dcbdc653ecefeb00a56b3c8c298c4",
                "sha256:8d9bc218650022a768f3775dd7fdac1886437325d8d295d923ebcfef4892ad5c",
                "sha256:8f572d989142e0908e6acf57ad1b9b86989ff057c006d13b76c146ec6a20216a",
                "sha256:90480b2134999301eea795b3a9dbf606c6fbab1b489150c501da84a959442465",
                "sha256:916abf1ac5cf7eb16bc540a5bf75c71c43a676f5c52fcb9fe75a2bd75fb944e8",
                "sha256:92f980729e79b5d16d221038dbf2e8f9a9136afa072f9d5d6ed4cb984b126a09",
                "sha256:933082f161bbb3e9f90d00990dc956120f608cdbcaeea15c4d897f56ef4fe416",
                "sha256:97ab3647280d458a1f9adb85244e81587505a43c0c7cff851f5116cd2814b894",
                "sha256:985b7836931d033570b94c94713c6dba5f9d3ff26045f72c3e5dbc5fe3361e5a",
                "sha256:9e549d642426e3579b3f4b92d0431543b012dcb6e825c91619d4e93b7363c3f9",
                "sha256:9edd0e01a343766add6817bc448408858ba6b489039eaaa2018474e4001651a4",
                "sha256:9ee68b21909686eeb21dfcba2c3b81fee70dcf38b140dcd5aa70680995fa3aa5",
                "sha256:9f5e772ed5fef25b3de9f2008fe67b92d46831bd2bc5bdc5dd6bfd06b83b316f",
                "sha256:a03a4f3a19a189919c7055098790285cc5c5b0b3976f8d227aea39dbf9f8bfdb",
                "sha256:a4d240d260a1aed814790bbe1f10a5ff31ce6c21bc78f0da4a1e8268d6c80dbd",
                "sha256:a5a68357f686f8c4d527a2dc04f52e669c2fc1cbde38f6f7eb6a0e58cbd17cae",
                "sha256:a998cc0aeeea4c6d5622a3754da5a493055d2d95186bad877b0a34ea6e6dbe0a",
                "sha256:b67e47c5595b9224599016e333f5ec25392597a89d5744658f837d204e16c63e",
                "sha256:b6f3b96617e9852703f5b633ea01315ca45c77e879584f283c44127f0f1ec564",
                "sha256:b7593fe7eb5feaa3fbb461ac79aac9f9fc0387a5ca8080b0c6fe2ca27b091afd",
                "sha256:bb3f6562e89bad0110afbe64e485aac2462efdce6232cdec7862a095dc3412f6",
                "sha256:bb4f8c3c9a9f34423dba193f241f617b08ffc63e27f67159f60ae6baf2dcfe0f",
                "sha256:bd63e7b74661fed317212fab774e2a648bc4bb09b35f25474f8e3325d2945cd7",
                "sha256:be753b225d159feb397bd0bf91ae86f689bad0da09d3b301478cd39b878ab31a",
                "sha256:bf100a3288f9bb7f919b87eb84f87101e197535b9bd0e2c2b5b3179633324fee",
                "sha256:c223d078112e90dc0e5c4e35b98b9584164bea9fbbd221c0b21c5241f6d51b62",
                "sha256:c3d8c679607220979434f494b139dfb00131ebf70bb406553d69c1ff01a5c33d",
                "sha256:c43257717611ff5e9a1d79dce8e47566235ebda63328718d9b65dd640bc832ef",
                "sha256:c832ec92c4499ac463186af72f9ed4d8daec15499b16f0a879b0d1c8e5cf4a3b",
                "sha256:c8e2706ceb622bc63bac98ebb10ef5da80ed70fbd8a7999a5076de3afaef0fb1",
                "sha256:cb237bfd0ef4d5eb6a19e29f9e528ac67ac3be932ea6b44fb6cc09b9f3ecff78",
                "sha256:ccd7a6fca48ca9c131d9b0a2972a581e28b13416fc313fb98b6d24a03ce9a398",
                "sha256:d10a2ed46386e850bb3de503a54f9fe8192e5917fcbb143bfef653a9355e9a53",
                "sha256:d1443ba9acbb593fa7c1c29e011d7c9761545fe35e7652e85ce7f51a16f7e08d",
                "sha256:d2287ac9360dec3837bfdad969963a5d073a09a85d898bd86bea82aa8876ef3c",
                "sha256:d3c9f051b028810f5a87c88e5d6e9af3c0ff32ef62763bf15d29f740453ca909",
                "sha256:d72140ccf8a147e94274024ff6fd8fb7811354cf7ef88b1f0a988ebaa5bc774f",
                "sha256:d938b4a840fb1523b9dfbbb454f652967f18e197569c32266d4d13f37244c3d9",
                "sha256:db622b999ffe49cb891f2fff3b340cdc2f9797d01a0a202a0973ba2562501d90",
                "sha256:e09fbecc007f7b6afdfb3b07ce5bd9f8494b6856dd4f577d26c66c391b829851",
                "sha256:e1fa280b3ad78eea5be86f94f461c04943d942697e0dac889fa18fff8f5f9147",
                "sha256:e4f18eca6028ffa62adbd185a8f1e1dd242f2e68164dba5c2b74a5204850b4cf",
                "sha256:e825dbb7f84dfa24663dd75835e7257f8882629fc11f03ecf77d84a75134b864",
                "sha256:eaecf47ef10c72ece9a2a92118257da87e460e113b83cc0d2905cbbe931792b4",
                "sha256:ef6688db9bf91ba111ae734ba6ef1a063304a881749726e0d3575f5c10a9facf",
                "sha256:f398ba4df52d30b1763f62eed9de5620dcde96e6f491f4c62686736b155aa6e4",
                "sha256:f80e2bb21bfab56ed7405c2d79d34b5dc0bc96c2c1d2a067b643a09fb756c43a",
                "sha256:f83351e0f7dcdb14d7326c3d8d8c4e915fa685cbfdc6281f9470d97a04e9dfe4",
                "sha256:f8dca5590fec7a89ed6826fce625595279e586ead52e9e958d3237821fbc750c",
                "sha256:fa3edde1aa8807de1d05934982416cb3ec46d1d4d91e280bcce7cca01c507992",
                "sha256:fea07c1a39a22614acb762e3fbbb4011f65eedafcb2948feeef641ac78b4ee5c",
                "sha256:ff10896fa55167371960c5908150b434b71c876dfab97b69478f22c8b445ea19",
                "sha256:ff86d4e85188bba72cfb876df3e11fa243439882c55957184af44a35bd5880b7",
                "sha256:ffed1e4980889765c84a5d1a566159e363b71d6b6fbaf0bebc9d3c30bc016766"
            ],
            "markers": "python_version >= '3.10'",
            "version": "==7.13.1"
        },
        "iniconfig": {
            "hashes": [
                "sha256:c76315c77db068650d49c5b56314774a7804df16fee4402c1f19d6d15d8c4730",
                "sha256:f631c04d2c48c52b84d0d0549c99ff3859c98df65b3101406327ecc7d53fbf12"
            ],
            "markers": "python_version >= '3.10'",
            "version": "==2.3.0"
        },
        "packaging": {
            "hashes": [
                "sha256:29572ef2b1f17581046b3a2227d5c611fb25ec70ca1ba8554b24b0e69331a484",
                "sha256:d443872c98d677bf60f6a1f2f8c1cb748e8fe762d2bf9d3148b5599295b0fc4f"
            ],
            "markers": "python_version >= '3.8'",
            "version": "==25.0"
        },
        "pluggy": {
            "hashes": [
                "sha256:7dcc130b76258d33b90f61b658791dede3486c3e6bfb003ee5c9bfb396dd22f3",
                "sha256:e920276dd6813095e9377c0bc5566d94c932c33b27a3e3945d8389c374dd4746"
            ],
            "markers": "python_version >= '3.9'",
            "version": "==1.6.0"
        },
        "pygments": {
            "hashes": [
                "sha256:636cb2477cec7f8952536970bc533bc43743542f70392ae026374600add5b887",
                "sha256:86540386c03d588bb81d44bc3928634ff26449851e99741617ecb9037ee5ec0b"
            ],
            "markers": "python_version >= '3.8'",
            "version": "==2.19.2"
        },
        "pytest": {
            "hashes": [
                "sha256:711ffd45bf766d5264d487b917733b453d917afd2b0ad65223959f59089f875b",
                "sha256:75186651a92bd89611d1d9fc20f0b4345fd827c41ccd5c299a868a05d70edf11"
            ],
            "markers": "python_version >= '3.10'",
            "version": "==9.0.2"
        },
        "pytest-cov": {
            "hashes": [
                "sha256:33c97eda2e049a0c5298e91f519302a1334c26ac65c1a483d6206fd458361af1",
                "sha256:3b8e9558b16cc1479da72058bdecf8073661c7f57f7d3c5f22a1c23507f2d861"
            ],
            "index": "pypi",
            "markers": "python_version >= '3.9'",
            "version": "==7.0.0"
        }
    }
}
