{
    "_meta": {
        "hash": {
            "sha256": "20e7831edb99deda749a222169122bc40aa564f3ff53b28cf5dfd218007ffe67"
        },
        "pipfile-spec": 6,
        "requires": {
            "python_version": "3.13"
        },
        "sources": [
            {
                "name": "pypi",
                "url": "https://pypi.org/simple",
                "verify_ssl": true
            }
        ]
    },
    "default": {},
    "develop": {
        "coverage": {
            "extras": [
                "toml"
            ],
            "hashes": [
                "sha256:02532fd3290bb8fa6bec876520842428e2a6ed6c27014eca81b031c2d30e3f71",
                "sha256:0a4be2a28656afe279b34d4f91c3e26eccf2f85500d4a4ff0b1f8b54bf807338",
                "sha256:0b3496922cb5f4215bf5caaef4cf12364a26b0be82e9ed6d050f3352cf2d7ef0",
                "sha256:0c804506d624e8a20fb3108764c52e0eef664e29d21692afa375e0dd98dc384f",
                "sha256:0f16649a7330ec307942ed27d06ee7e7a38417144620bb3d6e9a18ded8a2d3e5",
                "sha256:16aa0830d0c08a2c40c264cef801db8bc4fc0e1892782e45bcacbd5889270509",
                "sha256:18a0912944d70aaf5f399e350445738a1a20b50fbea788f640751c2ed9208b6c",
                "sha256:1c503289ffef1d5105d91bbb4d62cbe4b14bec4d13ca225f9c73cde9bb46207d",
                "sha256:2241ad5dbf79ae1d9c08fe52b36d03ca122fb9ac6bca0f34439e99f8327ac89f",
                "sha256:25308bd3d00d5eedd5ae7d4357161f4df743e3c0240fa773ee1b0f75e6c7c0f1",
                "sha256:2a876e4c3e5a2a1715a6608906aa5a2e0475b9c0f68343c2ada98110512ab1d8",
                "sha256:2d04b16a6062516df97969f1ae7efd0de9c31eb6ebdceaa0d213b21c0ca1a683",
                "sha256:30f445f85c353090b83e552dcbbdad3ec84c7967e108c3ae54556ca69955563e",
                "sha256:31324f18d5969feef7344a932c32428a2d1a3e50b15a6404e97cba1cc9b2c631",
                "sha256:34ed2186fe52fcc24d4561041979a0dec69adae7bce2ae8d1c49eace13e55c43",
                "sha256:37ab6be0859141b53aa89412a82454b482c81cf750de4f29223d52268a86de67",
                "sha256:37ae0383f13cbdcf1e5e7014489b0d71cc0106458878ccde52e8a12ced4298ed",
                "sha256:382e7ddd5289f140259b610e5f5c58f713d025cb2f66d0eb17e68d0a94278875",
                "sha256:3bb5838701ca68b10ebc0937dbd0eb81974bac54447c55cd58dea5bca8451029",
                "sha256:437c576979e4db840539674e68c84b3cda82bc824dd138d56bead1435f1cb5d7",
                "sha256:49f1d0788ba5b7ba65933f3a18864117c6506619f5ca80326b478f72acf3f385",
                "sha256:52e92b01041151bf607ee858e5a56c62d4b70f4dac85b8c8cb7fb8a351ab2c10",
                "sha256:535fde4001b2783ac80865d90e7cc7798b6b126f4cd8a8c54acfe76804e54e58",
                "sha256:56f5eb308b17bca3bbff810f55ee26d51926d9f89ba92707ee41d3c061257e55",
                "sha256:5add197315a054e92cee1b5f686a2bcba60c4c3e66ee3de77ace6c867bdee7cb",
                "sha256:5f646a99a8c2b3ff4c6a6e081f78fad0dde275cd59f8f49dc4eab2e394332e74",
                "sha256:600a1d4106fe66f41e5d0136dfbc68fe7200a5cbe85610ddf094f8f22e1b0300",
                "sha256:60c458224331ee3f1a5b472773e4a085cc27a86a0b48205409d364272d67140d",
                "sha256:64bdd969456e2d02a8b08aa047a92d269c7ac1f47e0c977675d550c9a0863643",
                "sha256:66b974b145aa189516b6bf2d8423e888b742517d37872f6ee4c5be0073bd9a3c",
                "sha256:684e2110ed84fd1ca5f40e89aa44adf1729dc85444004111aa01866507adf363",
                "sha256:68cd53aec6f45b8e4724c0950ce86eacb775c6be01ce6e3669fe4f3a21e768ed",
                "sha256:69aa417a030bf11ec46149636314c24c8d60fadb12fc0ee8f10fda0d918c879d",
                "sha256:6ad935f0016be24c0e97fc8c40c465f9c4b85cbbe6eac48934c0dc4d2568321e",
                "sha256:6b55ad10a35a21b8015eabddc9ba31eb590f54adc9cd39bcf09ff5349fd52125",
                "sha256:6cf43c78c4282708a28e466316935ec7489a9c487518a77fa68f716c67909cec",
                "sha256:6f424507f57878e424d9a95dc4ead3fbdd72fd201e404e861e465f28ea469951",
                "sha256:70760b4c5560be6ca70d11f8988ee6542b003f982b32f83d5ac0b72476607b70",
                "sha256:73e9439310f65d55a5a1e0564b48e34f5369bee943d72c88378f2d576f5a5751",
                "sha256:7931b9e249edefb07cd6ae10c702788546341d5fe44db5b6108a25da4dca513f",
                "sha256:81f34346dd63010453922c8e628a52ea2d2ccd73cb2487f7700ac531b247c8a5",
                "sha256:888f8eee13f2377ce86d44f338968eedec3291876b0b8a7289247ba52cb984cd",
                "sha256:95335095b6c7b1cc14c3f3f17d5452ce677e8490d101698562b2ffcacc304c8d",
                "sha256:9565c3ab1c93310569ec0d86b017f128f027cab0b622b7af288696d7ed43a16d",
                "sha256:95c765060e65c692da2d2f51a9499c5e9f5cf5453aeaf1420e3fc847cc060582",
                "sha256:9969ef1e69b8c8e1e70d591f91bbc37fc9a3621e447525d1602801a24ceda898",
                "sha256:9ca8e220006966b4a7b68e8984a6aee645a0384b0769e829ba60281fe61ec4f7",
                "sha256:a39d18b3f50cc121d0ce3838d32d58bd1d15dab89c910358ebefc3665712256c",
                "sha256:a66e8f628b71f78c0e0342003d53b53101ba4e00ea8dabb799d9dba0abbbcebe",
                "sha256:a8de12b4b87c20de895f10567639c0797b621b22897b0af3ce4b4e204a743626",
                "sha256:af41da5dca398d3474129c58cb2b106a5d93bbb196be0d307ac82311ca234342",
                "sha256:b30a25f814591a8c0c5372c11ac8967f669b97444c47fd794926e175c4047ece",
                "sha256:ba383dc6afd5ec5b7a0d0c23d38895db0e15bcba7fb0fa8901f245267ac30d86",
                "sha256:bb4fbcab8764dc072cb651a4bcda4d11fb5658a1d8d68842a862a6610bd8cfa3",
                "sha256:be9e3f68ca9edb897c2184ad0eee815c635565dbe7a0e7e814dc1f7cbab92c0a",
                "sha256:bfa447506c1a52271f1b0de3f42ea0fa14676052549095e378d5bff1c505ff7b",
                "sha256:cc94d7c5e8423920787c33d811c0be67b7be83c705f001f7180c7b186dcf10ca",
                "sha256:cea0a27a89e6432705fffc178064503508e3c0184b4f061700e771a09de58187",
                "sha256:cf95981b126f23db63e9dbe4cf65bd71f9a6305696fa5e2262693bc4e2183f5b",
                "sha256:d4fe2348cc6ec372e25adec0219ee2334a68d2f5222e0cba9c0d613394e12d86",
                "sha256:db0f04118d1db74db6c9e1cb1898532c7dcc220f1d2718f058601f7c3f499514",
                "sha256:dd24bd8d77c98557880def750782df77ab2b6885a18483dc8588792247174b32",
                "sha256:e1b5191d1648acc439b24721caab2fd0c86679d8549ed2c84d5a7ec1bedcc244",
                "sha256:e5532482344186c543c37bfad0ee6069e8ae4fc38d073b8bc836fc8f03c9e250",
                "sha256:e980b53a959fa53b6f05343afbd1e6f44a23ed6c23c4b4c56c6662bbb40c82ce",
                "sha256:ef64c27bc40189f36fcc50c3fb8f16ccda73b6a0b80d9bd6e6ce4cffcd810bbd",
                "sha256:f05031cf21699785cd47cb7485f67df619e7bcdae38e0fde40d23d3d0210d3c3"
            ],
            "markers": "python_version >= '3.9'",
            "version": "==7.9.1"
        },
        "iniconfig": {
            "hashes": [
                "sha256:3abbd2e30b36733fee78f9c7f7308f2d0050e88f0087fd25c2645f63c773e1c7",
                "sha256:9deba5723312380e77435581c6bf4935c94cbfab9b1ed33ef8d238ea168eb760"
            ],
            "markers": "python_version >= '3.8'",
            "version": "==2.1.0"
        },
        "packaging": {
            "hashes": [
                "sha256:29572ef2b1f17581046b3a2227d5c611fb25ec70ca1ba8554b24b0e69331a484",
                "sha256:d443872c98d677bf60f6a1f2f8c1cb748e8fe762d2bf9d3148b5599295b0fc4f"
            ],
            "markers": "python_version >= '3.8'",
            "version": "==25.0"
        },
        "pluggy": {
            "hashes": [
                "sha256:7dcc130b76258d33b90f61b658791dede3486c3e6bfb003ee5c9bfb396dd22f3",
                "sha256:e920276dd6813095e9377c0bc5566d94c932c33b27a3e3945d8389c374dd4746"
            ],
            "markers": "python_version >= '3.9'",
            "version": "==1.6.0"
        },
        "pygments": {
            "hashes": [
                "sha256:636cb2477cec7f8952536970bc533bc43743542f70392ae026374600add5b887",
                "sha256:86540386c03d588bb81d44bc3928634ff26449851e99741617ecb9037ee5ec0b"
            ],
            "markers": "python_version >= '3.8'",
            "version": "==2.19.2"
        },
        "pytest": {
            "hashes": [
                "sha256:539c70ba6fcead8e78eebbf1115e8b589e7565830d7d006a8723f19ac8a0afb7",
                "sha256:7c67fd69174877359ed9371ec3af8a3d2b04741818c51e5e99cc1742251fa93c"
            ],
            "markers": "python_version >= '3.9'",
            "version": "==8.4.1"
        },
        "pytest-cov": {
            "hashes": [
                "sha256:25cc6cc0a5358204b8108ecedc51a9b57b34cc6b8c967cc2c01a4e00d8a67da2",
                "sha256:f5bc4c23f42f1cdd23c70b1dab1bbaef4fc505ba950d53e0081d0730dd7e86d5"
            ],
            "index": "pypi",
            "markers": "python_version >= '3.9'",
            "version": "==6.2.1"
        }
    }
}
