{
    "_meta": {
        "hash": {
            "sha256": "20e7831edb99deda749a222169122bc40aa564f3ff53b28cf5dfd218007ffe67"
        },
        "pipfile-spec": 6,
        "requires": {
            "python_version": "3.13"
        },
        "sources": [
            {
                "name": "pypi",
                "url": "https://pypi.org/simple",
                "verify_ssl": true
            }
        ]
    },
    "default": {},
    "develop": {
        "coverage": {
            "extras": [
                "toml"
            ],
            "hashes": [
                "sha256:0018f73dfb4301a89292c73be6ba5f58722ff79f51593352759c1790ded1cabe",
                "sha256:00c3d22cf6fb1cf3bf662aaaa4e563be8243a5ed2630339069799835a9cc7f9b",
                "sha256:02d9fb9eccd48f6843c98a37bd6817462f130b86da8660461e8f5e54d4c06070",
                "sha256:0602f701057c6823e5db1b74530ce85f17c3c5be5c85fc042ac939cbd909426e",
                "sha256:06cac81bf10f74034e055e903f5f946e3e26fc51c09fc9f584e4a1605d977053",
                "sha256:086cede306d96202e15a4b77ace8472e39d9f4e5f9fd92dd4fecdfb2313b2080",
                "sha256:0900872f2fdb3ee5646b557918d02279dc3af3dfb39029ac4e945458b13f73bc",
                "sha256:0a3a30f0e257df382f5f9534d4ce3d4cf06eafaf5192beb1a7bd066cb10e78fb",
                "sha256:0b3d67d31383c4c68e19a88e28fc4c2e29517580f1b0ebec4a069d502ce1e0bf",
                "sha256:0dfa3855031070058add1a59fdfda0192fd3e8f97e7c81de0596c145dea51820",
                "sha256:0f4872f5d6c54419c94c25dd6ae1d015deeb337d06e448cd890a1e89a8ee7f3b",
                "sha256:11c21557d0e0a5a38632cbbaca5f008723b26a89d70db6315523df6df77d6232",
                "sha256:166ad2a22ee770f5656e1257703139d3533b4a0b6909af67c6b4a3adc1c98657",
                "sha256:193c3887285eec1dbdb3f2bd7fbc351d570ca9c02ca756c3afbc71b3c98af6ef",
                "sha256:1d84e91521c5e4cb6602fe11ece3e1de03b2760e14ae4fcf1a4b56fa3c801fcd",
                "sha256:1ed5630d946859de835a85e9a43b721123a8a44ec26e2830b296d478c7fd4259",
                "sha256:22486cdafba4f9e471c816a2a5745337742a617fef68e890d8baf9f3036d7833",
                "sha256:22ccfe8d9bb0d6134892cbe1262493a8c70d736b9df930f3f3afae0fe3ac924d",
                "sha256:24e4e56304fdb56f96f80eabf840eab043b3afea9348b88be680ec5986780a0f",
                "sha256:25dc33618d45456ccb1d37bce44bc78cf269909aa14c4db2e03d63146a8a1493",
                "sha256:263c3dbccc78e2e331e59e90115941b5f53e85cfcc6b3b2fbff1fd4e3d2c6ea8",
                "sha256:28ee1c96109974af104028a8ef57cec21447d42d0e937c0275329272e370ebcf",
                "sha256:30a3a201a127ea57f7e14ba43c93c9c4be8b7d17a26e03bb49e6966d019eede9",
                "sha256:3188936845cd0cb114fa6a51842a304cdbac2958145d03be2377ec41eb285d19",
                "sha256:367449cf07d33dc216c083f2036bb7d976c6e4903ab31be400ad74ad9f85ce98",
                "sha256:37eee4e552a65866f15dedd917d5e5f3d59805994260720821e2c1b51ac3248f",
                "sha256:3a10260e6a152e5f03f26db4a407c4c62d3830b9af9b7c0450b183615f05d43b",
                "sha256:3a7b1cd820e1b6116f92c6128f1188e7afe421c7e1b35fa9836b11444e53ebd9",
                "sha256:3ab483ea0e251b5790c2aac03acde31bff0c736bf8a86829b89382b407cd1c3b",
                "sha256:3ad968d1e3aa6ce5be295ab5fe3ae1bf5bb4769d0f98a80a0252d543a2ef2e9e",
                "sha256:445badb539005283825959ac9fa4a28f712c214b65af3a2c464f1adc90f5fcbc",
                "sha256:453b7ec753cf5e4356e14fe858064e5520c460d3bbbcb9c35e55c0d21155c256",
                "sha256:494f5459ffa1bd45e18558cd98710c36c0b8fbfa82a5eabcbe671d80ecffbfe8",
                "sha256:4b5de7d4583e60d5fd246dd57fcd3a8aa23c6e118a8c72b38adf666ba8e7e927",
                "sha256:4f3e223b2b2db5e0db0c2b97286aba0036ca000f06aca9b12112eaa9af3d92ae",
                "sha256:4fdb6f54f38e334db97f72fa0c701e66d8479af0bc3f9bfb5b90f1c30f54500f",
                "sha256:51a202e0f80f241ccb68e3e26e19ab5b3bf0f813314f2c967642f13ebcf1ddfe",
                "sha256:581f086833d24a22c89ae0fe2142cfaa1c92c930adf637ddf122d55083fb5a0f",
                "sha256:583221913fbc8f53b88c42e8dbb8fca1d0f2e597cb190ce45916662b8b9d9621",
                "sha256:58632b187be6f0be500f553be41e277712baa278147ecb7559983c6d9faf7ae1",
                "sha256:5c67dace46f361125e6b9cace8fe0b729ed8479f47e70c89b838d319375c8137",
                "sha256:5e70f92ef89bac1ac8a99b3324923b4749f008fdbd7aa9cb35e01d7a284a04f9",
                "sha256:5f5d9bd30756fff3e7216491a0d6d520c448d5124d3d8e8f56446d6412499e74",
                "sha256:5f8a0297355e652001015e93be345ee54393e45dc3050af4a0475c5a2b767d46",
                "sha256:62d7c4f13102148c78d7353c6052af6d899a7f6df66a32bddcc0c0eb7c5326f8",
                "sha256:69ac2c492918c2461bc6ace42d0479638e60719f2a4ef3f0815fa2df88e9f940",
                "sha256:6abb3a4c52f05e08460bd9acf04fec027f8718ecaa0d09c40ffbc3fbd70ecc39",
                "sha256:6e63ccc6e0ad8986386461c3c4b737540f20426e7ec932f42e030320896c311a",
                "sha256:6e9e451dee940a86789134b6b0ffbe31c454ade3b849bb8a9d2cca2541a8e91d",
                "sha256:6fb2d5d272341565f08e962cce14cdf843a08ac43bd621783527adb06b089c4b",
                "sha256:71936a8b3b977ddd0b694c28c6a34f4fff2e9dd201969a4ff5d5fc7742d614b0",
                "sha256:73419b89f812f498aca53f757dd834919b48ce4799f9d5cad33ca0ae442bdb1a",
                "sha256:739c6c051a7540608d097b8e13c76cfa85263ced467168dc6b477bae3df7d0e2",
                "sha256:7464663eaca6adba4175f6c19354feea61ebbdd735563a03d1e472c7072d27bb",
                "sha256:74c136e4093627cf04b26a35dab8cbfc9b37c647f0502fc313376e11726ba303",
                "sha256:76541dc8d53715fb4f7a3a06b34b0dc6846e3c69bc6204c55653a85dd6220971",
                "sha256:7a485ff48fbd231efa32d58f479befce52dcb6bfb2a88bb7bf9a0b89b1bc8030",
                "sha256:7e442c013447d1d8d195be62852270b78b6e255b79b8675bad8479641e21fd96",
                "sha256:7f15a931a668e58087bc39d05d2b4bf4b14ff2875b49c994bbdb1c2217a8daeb",
                "sha256:7f88ae3e69df2ab62fb0bc5219a597cb890ba5c438190ffa87490b315190bb33",
                "sha256:8069e831f205d2ff1f3d355e82f511eb7c5522d7d413f5db5756b772ec8697f8",
                "sha256:850d2998f380b1e266459ca5b47bc9e7daf9af1d070f66317972f382d46f1904",
                "sha256:898cce66d0836973f48dda4e3514d863d70142bdf6dfab932b9b6a90ea5b222d",
                "sha256:9097818b6cc1cfb5f174e3263eba4a62a17683bcfe5c4b5d07f4c97fa51fbf28",
                "sha256:936bc20503ce24770c71938d1369461f0c5320830800933bc3956e2a4ded930e",
                "sha256:9372dff5ea15930fea0445eaf37bbbafbc771a49e70c0aeed8b4e2c2614cc00e",
                "sha256:9987a9e4f8197a1000280f7cc089e3ea2c8b3c0a64d750537809879a7b4ceaf9",
                "sha256:99acd4dfdfeb58e1937629eb1ab6ab0899b131f183ee5f23e0b5da5cba2fec74",
                "sha256:9b01c22bc74a7fb44066aaf765224c0d933ddf1f5047d6cdfe4795504a4493f8",
                "sha256:a00d3a393207ae12f7c49bb1c113190883b500f48979abb118d8b72b8c95c032",
                "sha256:a23e5a1f8b982d56fa64f8e442e037f6ce29322f1f9e6c2344cd9e9f4407ee57",
                "sha256:a2bdb3babb74079f021696cb46b8bb5f5661165c385d3a238712b031a12355be",
                "sha256:a394aa27f2d7ff9bc04cf703817773a59ad6dfbd577032e690f961d2460ee936",
                "sha256:a6c6e16b663be828a8f0b6c5027d36471d4a9f90d28444aa4ced4d48d7d6ae8f",
                "sha256:af0a583efaacc52ae2521f8d7910aff65cdb093091d76291ac5820d5e947fc1c",
                "sha256:af827b7cbb303e1befa6c4f94fd2bf72f108089cfa0f8abab8f4ca553cf5ca5a",
                "sha256:c4be718e51e86f553bcf515305a158a1cd180d23b72f07ae76d6017c3cc5d791",
                "sha256:cdb3c9f8fef0a954c632f64328a3935988d33a6604ce4bf67ec3e39670f12ae5",
                "sha256:d10fd186aac2316f9bbb46ef91977f9d394ded67050ad6d84d94ed6ea2e8e54e",
                "sha256:d1e97353dcc5587b85986cda4ff3ec98081d7e84dd95e8b2a6d59820f0545f8a",
                "sha256:d2a9d7f1c11487b1c69367ab3ac2d81b9b3721f097aa409a3191c3e90f8f3dd7",
                "sha256:de7f6748b890708578fc4b7bb967d810aeb6fcc9bff4bb77dbca77dab2f9df6a",
                "sha256:e5330fa0cc1f5c3c4c3bb8e101b742025933e7848989370a1d4c8c5e401ea753",
                "sha256:e999e2dcc094002d6e2c7bbc1fb85b58ba4f465a760a8014d97619330cdbbbf3",
                "sha256:eb76670874fdd6091eedcc856128ee48c41a9bbbb9c3f1c7c3cf169290e3ffd6",
                "sha256:f1c23e24a7000da892a312fb17e33c5f94f8b001de44b7cf8ba2e36fbd15859e",
                "sha256:f2ffc92b46ed6e6760f1d47a71e56b5664781bc68986dbd1836b2b70c0ce2071",
                "sha256:f4f72a85316d8e13234cafe0a9f81b40418ad7a082792fa4165bd7d45d96066b",
                "sha256:f59883c643cb19630500f57016f76cfdcd6845ca8c5b5ea1f6e17f74c8e5f511",
                "sha256:f6aaef16d65d1787280943f1c8718dc32e9cf141014e4634d64446702d26e0ff",
                "sha256:fe81055d8c6c9de76d60c94ddea73c290b416e061d40d542b24a5871bad498b7",
                "sha256:ff45e0cd8451e293b63ced93161e189780baf444119391b3e7d25315060368a6"
            ],
            "markers": "python_version >= '3.10'",
            "version": "==7.13.0"
        },
        "iniconfig": {
            "hashes": [
                "sha256:c76315c77db068650d49c5b56314774a7804df16fee4402c1f19d6d15d8c4730",
                "sha256:f631c04d2c48c52b84d0d0549c99ff3859c98df65b3101406327ecc7d53fbf12"
            ],
            "markers": "python_version >= '3.10'",
            "version": "==2.3.0"
        },
        "packaging": {
            "hashes": [
                "sha256:29572ef2b1f17581046b3a2227d5c611fb25ec70ca1ba8554b24b0e69331a484",
                "sha256:d443872c98d677bf60f6a1f2f8c1cb748e8fe762d2bf9d3148b5599295b0fc4f"
            ],
            "markers": "python_version >= '3.8'",
            "version": "==25.0"
        },
        "pluggy": {
            "hashes": [
                "sha256:7dcc130b76258d33b90f61b658791dede3486c3e6bfb003ee5c9bfb396dd22f3",
                "sha256:e920276dd6813095e9377c0bc5566d94c932c33b27a3e3945d8389c374dd4746"
            ],
            "markers": "python_version >= '3.9'",
            "version": "==1.6.0"
        },
        "pygments": {
            "hashes": [
                "sha256:636cb2477cec7f8952536970bc533bc43743542f70392ae026374600add5b887",
                "sha256:86540386c03d588bb81d44bc3928634ff26449851e99741617ecb9037ee5ec0b"
            ],
            "markers": "python_version >= '3.8'",
            "version": "==2.19.2"
        },
        "pytest": {
            "hashes": [
                "sha256:711ffd45bf766d5264d487b917733b453d917afd2b0ad65223959f59089f875b",
                "sha256:75186651a92bd89611d1d9fc20f0b4345fd827c41ccd5c299a868a05d70edf11"
            ],
            "markers": "python_version >= '3.10'",
            "version": "==9.0.2"
        },
        "pytest-cov": {
            "hashes": [
                "sha256:33c97eda2e049a0c5298e91f519302a1334c26ac65c1a483d6206fd458361af1",
                "sha256:3b8e9558b16cc1479da72058bdecf8073661c7f57f7d3c5f22a1c23507f2d861"
            ],
            "index": "pypi",
            "markers": "python_version >= '3.9'",
            "version": "==7.0.0"
        }
    }
}
